
Microsoft Visual Studio Solution File, Format Version 12.00
# Visual Studio Version 17
VisualStudioVersion = 17.11.35208.52
MinimumVisualStudioVersion = 10.0.40219.1
Project("{FAE04EC0-301F-11D3-BF4B-00C04F79EFBC}") = "MVVMGrupo03", "MVVMGrupo03\MVVMGrupo03.csproj", "{B071CF04-0E1D-44CD-808E-03226C25CF3D}"
EndProject
Global
	GlobalSection(SolutionConfigurationPlatforms) = preSolution
		Debug|Any CPU = Debug|Any CPU
		Release|Any CPU = Release|Any CPU
	EndGlobalSection
	GlobalSection(ProjectConfigurationPlatforms) = postSolution
		{B071CF04-0E1D-44CD-808E-03226C25CF3D}.Debug|Any CPU.ActiveCfg = Debug|Any CPU
		{B071CF04-0E1D-44CD-808E-03226C25CF3D}.Debug|Any CPU.Build.0 = Debug|Any CPU
		{B071CF04-0E1D-44CD-808E-03226C25CF3D}.Debug|Any CPU.Deploy.0 = Debug|Any CPU
		{B071CF04-0E1D-44CD-808E-03226C25CF3D}.Release|Any CPU.ActiveCfg = Release|Any CPU
		{B071CF04-0E1D-44CD-808E-03226C25CF3D}.Release|Any CPU.Build.0 = Release|Any CPU
		{B071CF04-0E1D-44CD-808E-03226C25CF3D}.Release|Any CPU.Deploy.0 = Release|Any CPU
	EndGlobalSection
	GlobalSection(SolutionProperties) = preSolution
		HideSolutionNode = FALSE
	EndGlobalSection
	GlobalSection(ExtensibilityGlobals) = postSolution
		SolutionGuid = {9129538A-C7F0-42FA-900D-587C37AD5713}
	EndGlobalSection
EndGlobal
